
Microsoft Visual Studio Solution File, Format Version 12.00
# Visual Studio 15
VisualStudioVersion = 15.0.28010.2041
MinimumVisualStudioVersion = 10.0.40219.1
Project("{9A19103F-16F7-4668-BE54-9A1E7A4F7556}") = "LibrarySystem.ConsoleClient", "LibrarySystem.Core\LibrarySystem.ConsoleClient.csproj", "{F44BA19A-9313-45E6-9915-D2FB8D64ECF3}"
EndProject
Project("{9A19103F-16F7-4668-BE54-9A1E7A4F7556}") = "LibrarySystem.Data", "LibrarySystem.Data\LibrarySystem.Data.csproj", "{D6507145-6787-4BBF-961A-FE2F8A5B2BF8}"
EndProject
Project("{9A19103F-16F7-4668-BE54-9A1E7A4F7556}") = "LibrarySystem.Services", "LibrarySystem.Services\LibrarySystem.Services.csproj", "{04CF6AA2-1C31-4DAB-A311-CC5B7A2EA5A3}"
EndProject
Project("{9A19103F-16F7-4668-BE54-9A1E7A4F7556}") = "LibrarySystem.WebClient", "LibrarySystem.WebClient\LibrarySystem.WebClient.csproj", "{131A90CF-24A6-4DAA-8DE1-82D614314334}"
EndProject
Project("{9A19103F-16F7-4668-BE54-9A1E7A4F7556}") = "LibrarySystem.Tests", "LibrarySystem.Tests\LibrarySystem.Tests.csproj", "{E0E79303-64C4-437F-93AD-C0DBB740B6B9}"
EndProject
Global
	GlobalSection(SolutionConfigurationPlatforms) = preSolution
		Debug|Any CPU = Debug|Any CPU
		Release|Any CPU = Release|Any CPU
	EndGlobalSection
	GlobalSection(ProjectConfigurationPlatforms) = postSolution
		{F44BA19A-9313-45E6-9915-D2FB8D64ECF3}.Debug|Any CPU.ActiveCfg = Debug|Any CPU
		{F44BA19A-9313-45E6-9915-D2FB8D64ECF3}.Debug|Any CPU.Build.0 = Debug|Any CPU
		{F44BA19A-9313-45E6-9915-D2FB8D64ECF3}.Release|Any CPU.ActiveCfg = Release|Any CPU
		{F44BA19A-9313-45E6-9915-D2FB8D64ECF3}.Release|Any CPU.Build.0 = Release|Any CPU
		{D6507145-6787-4BBF-961A-FE2F8A5B2BF8}.Debug|Any CPU.ActiveCfg = Debug|Any CPU
		{D6507145-6787-4BBF-961A-FE2F8A5B2BF8}.Debug|Any CPU.Build.0 = Debug|Any CPU
		{D6507145-6787-4BBF-961A-FE2F8A5B2BF8}.Release|Any CPU.ActiveCfg = Release|Any CPU
		{D6507145-6787-4BBF-961A-FE2F8A5B2BF8}.Release|Any CPU.Build.0 = Release|Any CPU
		{04CF6AA2-1C31-4DAB-A311-CC5B7A2EA5A3}.Debug|Any CPU.ActiveCfg = Debug|Any CPU
		{04CF6AA2-1C31-4DAB-A311-CC5B7A2EA5A3}.Debug|Any CPU.Build.0 = Debug|Any CPU
		{04CF6AA2-1C31-4DAB-A311-CC5B7A2EA5A3}.Release|Any CPU.ActiveCfg = Release|Any CPU
		{04CF6AA2-1C31-4DAB-A311-CC5B7A2EA5A3}.Release|Any CPU.Build.0 = Release|Any CPU
		{131A90CF-24A6-4DAA-8DE1-82D614314334}.Debug|Any CPU.ActiveCfg = Debug|Any CPU
		{131A90CF-24A6-4DAA-8DE1-82D614314334}.Debug|Any CPU.Build.0 = Debug|Any CPU
		{131A90CF-24A6-4DAA-8DE1-82D614314334}.Release|Any CPU.ActiveCfg = Release|Any CPU
		{131A90CF-24A6-4DAA-8DE1-82D614314334}.Release|Any CPU.Build.0 = Release|Any CPU
		{E0E79303-64C4-437F-93AD-C0DBB740B6B9}.Debug|Any CPU.ActiveCfg = Debug|Any CPU
		{E0E79303-64C4-437F-93AD-C0DBB740B6B9}.Debug|Any CPU.Build.0 = Debug|Any CPU
		{E0E79303-64C4-437F-93AD-C0DBB740B6B9}.Release|Any CPU.ActiveCfg = Release|Any CPU
		{E0E79303-64C4-437F-93AD-C0DBB740B6B9}.Release|Any CPU.Build.0 = Release|Any CPU
	EndGlobalSection
	GlobalSection(SolutionProperties) = preSolution
		HideSolutionNode = FALSE
	EndGlobalSection
	GlobalSection(ExtensibilityGlobals) = postSolution
		SolutionGuid = {5A6C103E-2A44-4D60-BBA3-454378FC42D0}
	EndGlobalSection
EndGlobal
